<?xml version="1.0" encoding="UTF-8" standalone="yes" ?>
<CodeBlocks_project_file>
	<FileVersion major="1" minor="6" />
	<Project>
		<Option title="minilibx_sdl" />
		<Option pch_mode="2" />
		<Option compiler="gcc" />
		<Build>
			<Target title="Debug">
				<Option output="minilibx_sdl" prefix_auto="1" extension_auto="1" />
				<Option object_output="obj/debug" />
				<Option type="1" />
				<Option compiler="gcc" />
				<Compiler>
					<Add option="-g" />
				</Compiler>
			</Target>
			<Target title="Release">
				<Option output="minilibx_sdl" prefix_auto="1" extension_auto="1" />
				<Option object_output="obj/release" />
				<Option type="1" />
				<Option compiler="gcc" />
				<Compiler>
					<Add option="-O2" />
				</Compiler>
				<Linker>
					<Add option="-s" />
				</Linker>
			</Target>
		</Build>
		<Compiler>
			<Add option="-Wall -Werror -Wextra -I include/" />
		</Compiler>
		<Linker>
			<Add option="-lmingw32 -lSDL2main -lSDL2" />
		</Linker>
		<Unit filename="include/mlx.h" />
		<Unit filename="srcs/mlx.c">
			<Option compilerVar="CC" />
		</Unit>
		<Unit filename="srcs/mlx_hook.c">
			<Option compilerVar="CC" />
		</Unit>
		<Unit filename="srcs/mlx_image.c">
			<Option compilerVar="CC" />
		</Unit>
		<Unit filename="srcs/mlx_image_png.c">
			<Option compilerVar="CC" />
		</Unit>
		<Unit filename="srcs/mlx_image_xpm.c">
			<Option compilerVar="CC" />
		</Unit>
		<Unit filename="srcs/mlx_internal.h" />
		<Unit filename="srcs/mlx_loop.c">
			<Option compilerVar="CC" />
		</Unit>
		<Unit filename="srcs/mlx_mouse.c">
			<Option compilerVar="CC" />
		</Unit>
		<Unit filename="srcs/mlx_string.c">
			<Option compilerVar="CC" />
		</Unit>
		<Unit filename="srcs/mlx_window.c">
			<Option compilerVar="CC" />
		</Unit>
		<Extensions>
			<lib_finder disable_auto="1" />
		</Extensions>
	</Project>
</CodeBlocks_project_file>
